// !$*UTF8*$!
{
	archiveVersion = 1;
	classes = {
	};
	objectVersion = 50;
	objects = {

/* Begin PBXBuildFile section */
		78469228C4D8B1BF175B08A1 /* Pods_JapaneseNumberDemo_iOS.framework in Frameworks */ = {isa = PBXBuildFile; fileRef = EC11EC7EC4769B954D879A32 /* Pods_JapaneseNumberDemo_iOS.framework */; };
		7EFE1FEA22792017008E9446 /* AppDelegate.swift in Sources */ = {isa = PBXBuildFile; fileRef = 7EFE1FE922792017008E9446 /* AppDelegate.swift */; };
		7EFE1FEC22792017008E9446 /* ViewController.swift in Sources */ = {isa = PBXBuildFile; fileRef = 7EFE1FEB22792017008E9446 /* ViewController.swift */; };
		7EFE1FEF22792017008E9446 /* Main.storyboard in Resources */ = {isa = PBXBuildFile; fileRef = 7EFE1FED22792017008E9446 /* Main.storyboard */; };
		7EFE1FF122792019008E9446 /* Assets.xcassets in Resources */ = {isa = PBXBuildFile; fileRef = 7EFE1FF022792019008E9446 /* Assets.xcassets */; };
		7EFE1FF422792019008E9446 /* LaunchScreen.storyboard in Resources */ = {isa = PBXBuildFile; fileRef = 7EFE1FF222792019008E9446 /* LaunchScreen.storyboard */; };
		7EFE1FFF22792019008E9446 /* JapaneseNumberDemo_iOSTests.swift in Sources */ = {isa = PBXBuildFile; fileRef = 7EFE1FFE22792019008E9446 /* JapaneseNumberDemo_iOSTests.swift */; };
		7EFE200A22792048008E9446 /* Common.swift in Sources */ = {isa = PBXBuildFile; fileRef = 7EFE200922792048008E9446 /* Common.swift */; };
/* End PBXBuildFile section */

/* Begin PBXContainerItemProxy section */
		7EFE1FFB22792019008E9446 /* PBXContainerItemProxy */ = {
			isa = PBXContainerItemProxy;
			containerPortal = 7EFE1FDE22792017008E9446 /* Project object */;
			proxyType = 1;
			remoteGlobalIDString = 7EFE1FE522792017008E9446;
			remoteInfo = "JapaneseNumberDemo-iOS";
		};
/* End PBXContainerItemProxy section */

/* Begin PBXFileReference section */
		376E138D2FF04E0B7A69ED92 /* Pods-JapaneseNumberDemo-iOS.release.xcconfig */ = {isa = PBXFileReference; includeInIndex = 1; lastKnownFileType = text.xcconfig; name = "Pods-JapaneseNumberDemo-iOS.release.xcconfig"; path = "Target Support Files/Pods-JapaneseNumberDemo-iOS/Pods-JapaneseNumberDemo-iOS.release.xcconfig"; sourceTree = "<group>"; };
		7EFE1FE622792017008E9446 /* JapaneseNumberDemo-iOS.app */ = {isa = PBXFileReference; explicitFileType = wrapper.application; includeInIndex = 0; path = "JapaneseNumberDemo-iOS.app"; sourceTree = BUILT_PRODUCTS_DIR; };
		7EFE1FE922792017008E9446 /* AppDelegate.swift */ = {isa = PBXFileReference; lastKnownFileType = sourcecode.swift; path = AppDelegate.swift; sourceTree = "<group>"; };
		7EFE1FEB22792017008E9446 /* ViewController.swift */ = {isa = PBXFileReference; lastKnownFileType = sourcecode.swift; path = ViewController.swift; sourceTree = "<group>"; };
		7EFE1FEE22792017008E9446 /* Base */ = {isa = PBXFileReference; lastKnownFileType = file.storyboard; name = Base; path = Base.lproj/Main.storyboard; sourceTree = "<group>"; };
		7EFE1FF022792019008E9446 /* Assets.xcassets */ = {isa = PBXFileReference; lastKnownFileType = folder.assetcatalog; path = Assets.xcassets; sourceTree = "<group>"; };
		7EFE1FF322792019008E9446 /* Base */ = {isa = PBXFileReference; lastKnownFileType = file.storyboard; name = Base; path = Base.lproj/LaunchScreen.storyboard; sourceTree = "<group>"; };
		7EFE1FF522792019008E9446 /* Info.plist */ = {isa = PBXFileReference; lastKnownFileType = text.plist.xml; path = Info.plist; sourceTree = "<group>"; };
		7EFE1FFA22792019008E9446 /* JapaneseNumberDemo-iOSTests.xctest */ = {isa = PBXFileReference; explicitFileType = wrapper.cfbundle; includeInIndex = 0; path = "JapaneseNumberDemo-iOSTests.xctest"; sourceTree = BUILT_PRODUCTS_DIR; };
		7EFE1FFE22792019008E9446 /* JapaneseNumberDemo_iOSTests.swift */ = {isa = PBXFileReference; lastKnownFileType = sourcecode.swift; path = JapaneseNumberDemo_iOSTests.swift; sourceTree = "<group>"; };
		7EFE200022792019008E9446 /* Info.plist */ = {isa = PBXFileReference; lastKnownFileType = text.plist.xml; path = Info.plist; sourceTree = "<group>"; };
		7EFE200922792048008E9446 /* Common.swift */ = {isa = PBXFileReference; fileEncoding = 4; lastKnownFileType = sourcecode.swift; name = Common.swift; path = ../../Common.swift; sourceTree = "<group>"; };
		EC11EC7EC4769B954D879A32 /* Pods_JapaneseNumberDemo_iOS.framework */ = {isa = PBXFileReference; explicitFileType = wrapper.framework; includeInIndex = 0; path = Pods_JapaneseNumberDemo_iOS.framework; sourceTree = BUILT_PRODUCTS_DIR; };
		F357670B47DD857F5B9CC988 /* Pods-JapaneseNumberDemo-iOS.debug.xcconfig */ = {isa = PBXFileReference; includeInIndex = 1; lastKnownFileType = text.xcconfig; name = "Pods-JapaneseNumberDemo-iOS.debug.xcconfig"; path = "Target Support Files/Pods-JapaneseNumberDemo-iOS/Pods-JapaneseNumberDemo-iOS.debug.xcconfig"; sourceTree = "<group>"; };
/* End PBXFileReference section */

/* Begin PBXFrameworksBuildPhase section */
		7EFE1FE322792017008E9446 /* Frameworks */ = {
			isa = PBXFrameworksBuildPhase;
			buildActionMask = 2147483647;
			files = (
				78469228C4D8B1BF175B08A1 /* Pods_JapaneseNumberDemo_iOS.framework in Frameworks */,
			);
			runOnlyForDeploymentPostprocessing = 0;
		};
		7EFE1FF722792019008E9446 /* Frameworks */ = {
			isa = PBXFrameworksBuildPhase;
			buildActionMask = 2147483647;
			files = (
			);
			runOnlyForDeploymentPostprocessing = 0;
		};
/* End PBXFrameworksBuildPhase section */

/* Begin PBXGroup section */
		1CA211335A2C902CADA1C8CC /* Pods */ = {
			isa = PBXGroup;
			children = (
				F357670B47DD857F5B9CC988 /* Pods-JapaneseNumberDemo-iOS.debug.xcconfig */,
				376E138D2FF04E0B7A69ED92 /* Pods-JapaneseNumberDemo-iOS.release.xcconfig */,
			);
			path = Pods;
			sourceTree = "<group>";
		};
		7EFE1FDD22792017008E9446 = {
			isa = PBXGroup;
			children = (
				7EFE1FE822792017008E9446 /* JapaneseNumberDemo-iOS */,
				7EFE1FFD22792019008E9446 /* JapaneseNumberDemo-iOSTests */,
				7EFE1FE722792017008E9446 /* Products */,
				1CA211335A2C902CADA1C8CC /* Pods */,
				C4D3BE734F5A946EEDDC8446 /* Frameworks */,
			);
			sourceTree = "<group>";
		};
		7EFE1FE722792017008E9446 /* Products */ = {
			isa = PBXGroup;
			children = (
				7EFE1FE622792017008E9446 /* JapaneseNumberDemo-iOS.app */,
				7EFE1FFA22792019008E9446 /* JapaneseNumberDemo-iOSTests.xctest */,
			);
			name = Products;
			sourceTree = "<group>";
		};
		7EFE1FE822792017008E9446 /* JapaneseNumberDemo-iOS */ = {
			isa = PBXGroup;
			children = (
				7EFE200922792048008E9446 /* Common.swift */,
				7EFE1FE922792017008E9446 /* AppDelegate.swift */,
				7EFE1FEB22792017008E9446 /* ViewController.swift */,
				7EFE1FED22792017008E9446 /* Main.storyboard */,
				7EFE1FF022792019008E9446 /* Assets.xcassets */,
				7EFE1FF222792019008E9446 /* LaunchScreen.storyboard */,
				7EFE1FF522792019008E9446 /* Info.plist */,
			);
			path = "JapaneseNumberDemo-iOS";
			sourceTree = "<group>";
		};
		7EFE1FFD22792019008E9446 /* JapaneseNumberDemo-iOSTests */ = {
			isa = PBXGroup;
			children = (
				7EFE1FFE22792019008E9446 /* JapaneseNumberDemo_iOSTests.swift */,
				7EFE200022792019008E9446 /* Info.plist */,
			);
			path = "JapaneseNumberDemo-iOSTests";
			sourceTree = "<group>";
		};
		C4D3BE734F5A946EEDDC8446 /* Frameworks */ = {
			isa = PBXGroup;
			children = (
				EC11EC7EC4769B954D879A32 /* Pods_JapaneseNumberDemo_iOS.framework */,
			);
			name = Frameworks;
			sourceTree = "<group>";
		};
/* End PBXGroup section */

/* Begin PBXNativeTarget section */
		7EFE1FE522792017008E9446 /* JapaneseNumberDemo-iOS */ = {
			isa = PBXNativeTarget;
			buildConfigurationList = 7EFE200322792019008E9446 /* Build configuration list for PBXNativeTarget "JapaneseNumberDemo-iOS" */;
			buildPhases = (
				0558F4AE3F0DCBA29A71E81E /* [CP] Check Pods Manifest.lock */,
				7EFE1FE222792017008E9446 /* Sources */,
				7EFE1FE322792017008E9446 /* Frameworks */,
				7EFE1FE422792017008E9446 /* Resources */,
				D2D2657FEECD3480ED9286CC /* [CP] Embed Pods Frameworks */,
			);
			buildRules = (
			);
			dependencies = (
			);
			name = "JapaneseNumberDemo-iOS";
			productName = "JapaneseNumberDemo-iOS";
			productReference = 7EFE1FE622792017008E9446 /* JapaneseNumberDemo-iOS.app */;
			productType = "com.apple.product-type.application";
		};
		7EFE1FF922792019008E9446 /* JapaneseNumberDemo-iOSTests */ = {
			isa = PBXNativeTarget;
			buildConfigurationList = 7EFE200622792019008E9446 /* Build configuration list for PBXNativeTarget "JapaneseNumberDemo-iOSTests" */;
			buildPhases = (
				7EFE1FF622792019008E9446 /* Sources */,
				7EFE1FF722792019008E9446 /* Frameworks */,
				7EFE1FF822792019008E9446 /* Resources */,
			);
			buildRules = (
			);
			dependencies = (
				7EFE1FFC22792019008E9446 /* PBXTargetDependency */,
			);
			name = "JapaneseNumberDemo-iOSTests";
			productName = "JapaneseNumberDemo-iOSTests";
			productReference = 7EFE1FFA22792019008E9446 /* JapaneseNumberDemo-iOSTests.xctest */;
			productType = "com.apple.product-type.bundle.unit-test";
		};
/* End PBXNativeTarget section */

/* Begin PBXProject section */
		7EFE1FDE22792017008E9446 /* Project object */ = {
			isa = PBXProject;
			attributes = {
				LastSwiftUpdateCheck = 1020;
				LastUpgradeCheck = 1020;
				ORGANIZATIONNAME = DaisukeT;
				TargetAttributes = {
					7EFE1FE522792017008E9446 = {
						CreatedOnToolsVersion = 10.2.1;
					};
					7EFE1FF922792019008E9446 = {
						CreatedOnToolsVersion = 10.2.1;
						TestTargetID = 7EFE1FE522792017008E9446;
					};
				};
			};
			buildConfigurationList = 7EFE1FE122792017008E9446 /* Build configuration list for PBXProject "JapaneseNumberDemo-iOS" */;
			compatibilityVersion = "Xcode 9.3";
			developmentRegion = en;
			hasScannedForEncodings = 0;
			knownRegions = (
				en,
				Base,
			);
			mainGroup = 7EFE1FDD22792017008E9446;
			productRefGroup = 7EFE1FE722792017008E9446 /* Products */;
			projectDirPath = "";
			projectRoot = "";
			targets = (
				7EFE1FE522792017008E9446 /* JapaneseNumberDemo-iOS */,
				7EFE1FF922792019008E9446 /* JapaneseNumberDemo-iOSTests */,
			);
		};
/* End PBXProject section */

/* Begin PBXResourcesBuildPhase section */
		7EFE1FE422792017008E9446 /* Resources */ = {
			isa = PBXResourcesBuildPhase;
			buildActionMask = 2147483647;
			files = (
				7EFE1FF422792019008E9446 /* LaunchScreen.storyboard in Resources */,
				7EFE1FF122792019008E9446 /* Assets.xcassets in Resources */,
				7EFE1FEF22792017008E9446 /* Main.storyboard in Resources */,
			);
			runOnlyForDeploymentPostprocessing = 0;
		};
		7EFE1FF822792019008E9446 /* Resources */ = {
			isa = PBXResourcesBuildPhase;
			buildActionMask = 2147483647;
			files = (
			);
			runOnlyForDeploymentPostprocessing = 0;
		};
/* End PBXResourcesBuildPhase section */

/* Begin PBXShellScriptBuildPhase section */
		0558F4AE3F0DCBA29A71E81E /* [CP] Check Pods Manifest.lock */ = {
			isa = PBXShellScriptBuildPhase;
			buildActionMask = 2147483647;
			files = (
			);
			inputFileListPaths = (
			);
			inputPaths = (
				"${PODS_PODFILE_DIR_PATH}/Podfile.lock",
				"${PODS_ROOT}/Manifest.lock",
			);
			name = "[CP] Check Pods Manifest.lock";
			outputFileListPaths = (
			);
			outputPaths = (
				"$(DERIVED_FILE_DIR)/Pods-JapaneseNumberDemo-iOS-checkManifestLockResult.txt",
			);
			runOnlyForDeploymentPostprocessing = 0;
			shellPath = /bin/sh;
			shellScript = "diff \"${PODS_PODFILE_DIR_PATH}/Podfile.lock\" \"${PODS_ROOT}/Manifest.lock\" > /dev/null\nif [ $? != 0 ] ; then\n    # print error to STDERR\n    echo \"error: The sandbox is not in sync with the Podfile.lock. Run 'pod install' or update your CocoaPods installation.\" >&2\n    exit 1\nfi\n# This output is used by Xcode 'outputs' to avoid re-running this script phase.\necho \"SUCCESS\" > \"${SCRIPT_OUTPUT_FILE_0}\"\n";
			showEnvVarsInLog = 0;
		};
		D2D2657FEECD3480ED9286CC /* [CP] Embed Pods Frameworks */ = {
			isa = PBXShellScriptBuildPhase;
			buildActionMask = 2147483647;
			files = (
			);
			inputFileListPaths = (
			);
			inputPaths = (
				"${PODS_ROOT}/Target Support Files/Pods-JapaneseNumberDemo-iOS/Pods-JapaneseNumberDemo-iOS-frameworks.sh",
				"${BUILT_PRODUCTS_DIR}/JapaneseNumber/JapaneseNumber.framework",
			);
			name = "[CP] Embed Pods Frameworks";
			outputFileListPaths = (
			);
			outputPaths = (
				"${TARGET_BUILD_DIR}/${FRAMEWORKS_FOLDER_PATH}/JapaneseNumber.framework",
			);
			runOnlyForDeploymentPostprocessing = 0;
			shellPath = /bin/sh;
			shellScript = "\"${PODS_ROOT}/Target Support Files/Pods-JapaneseNumberDemo-iOS/Pods-JapaneseNumberDemo-iOS-frameworks.sh\"\n";
			showEnvVarsInLog = 0;
		};
/* End PBXShellScriptBuildPhase section */

/* Begin PBXSourcesBuildPhase section */
		7EFE1FE222792017008E9446 /* Sources */ = {
			isa = PBXSourcesBuildPhase;
			buildActionMask = 2147483647;
			files = (
				7EFE1FEC22792017008E9446 /* ViewController.swift in Sources */,
				7EFE200A22792048008E9446 /* Common.swift in Sources */,
				7EFE1FEA22792017008E9446 /* AppDelegate.swift in Sources */,
			);
			runOnlyForDeploymentPostprocessing = 0;
		};
		7EFE1FF622792019008E9446 /* Sources */ = {
			isa = PBXSourcesBuildPhase;
			buildActionMask = 2147483647;
			files = (
				7EFE1FFF22792019008E9446 /* JapaneseNumberDemo_iOSTests.swift in Sources */,
			);
			runOnlyForDeploymentPostprocessing = 0;
		};
/* End PBXSourcesBuildPhase section */

/* Begin PBXTargetDependency section */
		7EFE1FFC22792019008E9446 /* PBXTargetDependency */ = {
			isa = PBXTargetDependency;
			target = 7EFE1FE522792017008E9446 /* JapaneseNumberDemo-iOS */;
			targetProxy = 7EFE1FFB22792019008E9446 /* PBXContainerItemProxy */;
		};
/* End PBXTargetDependency section */

/* Begin PBXVariantGroup section */
		7EFE1FED22792017008E9446 /* Main.storyboard */ = {
			isa = PBXVariantGroup;
			children = (
				7EFE1FEE22792017008E9446 /* Base */,
			);
			name = Main.storyboard;
			sourceTree = "<group>";
		};
		7EFE1FF222792019008E9446 /* LaunchScreen.storyboard */ = {
			isa = PBXVariantGroup;
			children = (
				7EFE1FF322792019008E9446 /* Base */,
			);
			name = LaunchScreen.storyboard;
			sourceTree = "<group>";
		};
/* End PBXVariantGroup section */

/* Begin XCBuildConfiguration section */
		7EFE200122792019008E9446 /* Debug */ = {
			isa = XCBuildConfiguration;
			buildSettings = {
				ALWAYS_SEARCH_USER_PATHS = NO;
				CLANG_ANALYZER_NONNULL = YES;
				CLANG_ANALYZER_NUMBER_OBJECT_CONVERSION = YES_AGGRESSIVE;
				CLANG_CXX_LANGUAGE_STANDARD = "gnu++14";
				CLANG_CXX_LIBRARY = "libc++";
				CLANG_ENABLE_MODULES = YES;
				CLANG_ENABLE_OBJC_ARC = YES;
				CLANG_ENABLE_OBJC_WEAK = YES;
				CLANG_WARN_BLOCK_CAPTURE_AUTORELEASING = YES;
				CLANG_WARN_BOOL_CONVERSION = YES;
				CLANG_WARN_COMMA = YES;
				CLANG_WARN_CONSTANT_CONVERSION = YES;
				CLANG_WARN_DEPRECATED_OBJC_IMPLEMENTATIONS = YES;
				CLANG_WARN_DIRECT_OBJC_ISA_USAGE = YES_ERROR;
				CLANG_WARN_DOCUMENTATION_COMMENTS = YES;
				CLANG_WARN_EMPTY_BODY = YES;
				CLANG_WARN_ENUM_CONVERSION = YES;
				CLANG_WARN_INFINITE_RECURSION = YES;
				CLANG_WARN_INT_CONVERSION = YES;
				CLANG_WARN_NON_LITERAL_NULL_CONVERSION = YES;
				CLANG_WARN_OBJC_IMPLICIT_RETAIN_SELF = YES;
				CLANG_WARN_OBJC_LITERAL_CONVERSION = YES;
				CLANG_WARN_OBJC_ROOT_CLASS = YES_ERROR;
				CLANG_WARN_RANGE_LOOP_ANALYSIS = YES;
				CLANG_WARN_STRICT_PROTOTYPES = YES;
				CLANG_WARN_SUSPICIOUS_MOVE = YES;
				CLANG_WARN_UNGUARDED_AVAILABILITY = YES_AGGRESSIVE;
				CLANG_WARN_UNREACHABLE_CODE = YES;
				CLANG_WARN__DUPLICATE_METHOD_MATCH = YES;
				CODE_SIGN_IDENTITY = "";
				COPY_PHASE_STRIP = NO;
				DEBUG_INFORMATION_FORMAT = dwarf;
				ENABLE_STRICT_OBJC_MSGSEND = YES;
				ENABLE_TESTABILITY = YES;
				GCC_C_LANGUAGE_STANDARD = gnu11;
				GCC_DYNAMIC_NO_PIC = NO;
				GCC_NO_COMMON_BLOCKS = YES;
				GCC_OPTIMIZATION_LEVEL = 0;
				GCC_PREPROCESSOR_DEFINITIONS = (
					"DEBUG=1",
					"$(inherited)",
				);
				GCC_WARN_64_TO_32_BIT_CONVERSION = YES;
				GCC_WARN_ABOUT_RETURN_TYPE = YES_ERROR;
				GCC_WARN_UNDECLARED_SELECTOR = YES;
				GCC_WARN_UNINITIALIZED_AUTOS = YES_AGGRESSIVE;
				GCC_WARN_UNUSED_FUNCTION = YES;
				GCC_WARN_UNUSED_VARIABLE = YES;
				IPHONEOS_DEPLOYMENT_TARGET = 10.0;
				MTL_ENABLE_DEBUG_INFO = INCLUDE_SOURCE;
				MTL_FAST_MATH = YES;
				ONLY_ACTIVE_ARCH = YES;
				SDKROOT = iphoneos;
				SWIFT_ACTIVE_COMPILATION_CONDITIONS = DEBUG;
				SWIFT_OPTIMIZATION_LEVEL = "-Onone";
			};
			name = Debug;
		};
		7EFE200222792019008E9446 /* Release */ = {
			isa = XCBuildConfiguration;
			buildSettings = {
				ALWAYS_SEARCH_USER_PATHS = NO;
				CLANG_ANALYZER_NONNULL = YES;
				CLANG_ANALYZER_NUMBER_OBJECT_CONVERSION = YES_AGGRESSIVE;
				CLANG_CXX_LANGUAGE_STANDARD = "gnu++14";
				CLANG_CXX_LIBRARY = "libc++";
				CLANG_ENABLE_MODULES = YES;
				CLANG_ENABLE_OBJC_ARC = YES;
				CLANG_ENABLE_OBJC_WEAK = YES;
				CLANG_WARN_BLOCK_CAPTURE_AUTORELEASING = YES;
				CLANG_WARN_BOOL_CONVERSION = YES;
				CLANG_WARN_COMMA = YES;
				CLANG_WARN_CONSTANT_CONVERSION = YES;
				CLANG_WARN_DEPRECATED_OBJC_IMPLEMENTATIONS = YES;
				CLANG_WARN_DIRECT_OBJC_ISA_USAGE = YES_ERROR;
				CLANG_WARN_DOCUMENTATION_COMMENTS = YES;
				CLANG_WARN_EMPTY_BODY = YES;
				CLANG_WARN_ENUM_CONVERSION = YES;
				CLANG_WARN_INFINITE_RECURSION = YES;
				CLANG_WARN_INT_CONVERSION = YES;
				CLANG_WARN_NON_LITERAL_NULL_CONVERSION = YES;
				CLANG_WARN_OBJC_IMPLICIT_RETAIN_SELF = YES;
				CLANG_WARN_OBJC_LITERAL_CONVERSION = YES;
				CLANG_WARN_OBJC_ROOT_CLASS = YES_ERROR;
				CLANG_WARN_RANGE_LOOP_ANALYSIS = YES;
				CLANG_WARN_STRICT_PROTOTYPES = YES;
				CLANG_WARN_SUSPICIOUS_MOVE = YES;
				CLANG_WARN_UNGUARDED_AVAILABILITY = YES_AGGRESSIVE;
				CLANG_WARN_UNREACHABLE_CODE = YES;
				CLANG_WARN__DUPLICATE_METHOD_MATCH = YES;
				CODE_SIGN_IDENTITY = "";
				COPY_PHASE_STRIP = NO;
				DEBUG_INFORMATION_FORMAT = "dwarf-with-dsym";
				ENABLE_NS_ASSERTIONS = NO;
				ENABLE_STRICT_OBJC_MSGSEND = YES;
				GCC_C_LANGUAGE_STANDARD = gnu11;
				GCC_NO_COMMON_BLOCKS = YES;
				GCC_WARN_64_TO_32_BIT_CONVERSION = YES;
				GCC_WARN_ABOUT_RETURN_TYPE = YES_ERROR;
				GCC_WARN_UNDECLARED_SELECTOR = YES;
				GCC_WARN_UNINITIALIZED_AUTOS = YES_AGGRESSIVE;
				GCC_WARN_UNUSED_FUNCTION = YES;
				GCC_WARN_UNUSED_VARIABLE = YES;
				IPHONEOS_DEPLOYMENT_TARGET = 10.0;
				MTL_ENABLE_DEBUG_INFO = NO;
				MTL_FAST_MATH = YES;
				SDKROOT = iphoneos;
				SWIFT_COMPILATION_MODE = wholemodule;
				SWIFT_OPTIMIZATION_LEVEL = "-O";
				VALIDATE_PRODUCT = YES;
			};
			name = Release;
		};
		7EFE200422792019008E9446 /* Debug */ = {
			isa = XCBuildConfiguration;
			baseConfigurationReference = F357670B47DD857F5B9CC988 /* Pods-JapaneseNumberDemo-iOS.debug.xcconfig */;
			buildSettings = {
				ASSETCATALOG_COMPILER_APPICON_NAME = AppIcon;
				CODE_SIGN_STYLE = Automatic;
				INFOPLIST_FILE = "JapaneseNumberDemo-iOS/Info.plist";
				LD_RUNPATH_SEARCH_PATHS = (
					"$(inherited)",
					"@executable_path/Frameworks",
				);
				PRODUCT_BUNDLE_IDENTIFIER = "DaisukeT.JapaneseNumberDemo-iOS";
				PRODUCT_NAME = "$(TARGET_NAME)";
				SWIFT_VERSION = 5.0;
				TARGETED_DEVICE_FAMILY = "1,2";
			};
			name = Debug;
		};
		7EFE200522792019008E9446 /* Release */ = {
			isa = XCBuildConfiguration;
			baseConfigurationReference = 376E138D2FF04E0B7A69ED92 /* Pods-JapaneseNumberDemo-iOS.release.xcconfig */;
			buildSettings = {
				ASSETCATALOG_COMPILER_APPICON_NAME = AppIcon;
				CODE_SIGN_STYLE = Automatic;
				INFOPLIST_FILE = "JapaneseNumberDemo-iOS/Info.plist";
				LD_RUNPATH_SEARCH_PATHS = (
					"$(inherited)",
					"@executable_path/Frameworks",
				);
				PRODUCT_BUNDLE_IDENTIFIER = "DaisukeT.JapaneseNumberDemo-iOS";
				PRODUCT_NAME = "$(TARGET_NAME)";
				SWIFT_VERSION = 5.0;
				TARGETED_DEVICE_FAMILY = "1,2";
			};
			name = Release;
		};
		7EFE200722792019008E9446 /* Debug */ = {
			isa = XCBuildConfiguration;
			buildSettings = {
				ALWAYS_EMBED_SWIFT_STANDARD_LIBRARIES = YES;
				BUNDLE_LOADER = "$(TEST_HOST)";
				CODE_SIGN_STYLE = Automatic;
				INFOPLIST_FILE = "JapaneseNumberDemo-iOSTests/Info.plist";
				LD_RUNPATH_SEARCH_PATHS = (
					"$(inherited)",
					"@executable_path/Frameworks",
					"@loader_path/Frameworks",
				);
				PRODUCT_BUNDLE_IDENTIFIER = "DaisukeT.JapaneseNumberDemo-iOSTests";
				PRODUCT_NAME = "$(TARGET_NAME)";
				SWIFT_VERSION = 5.0;
				TARGETED_DEVICE_FAMILY = "1,2";
				TEST_HOST = "$(BUILT_PRODUCTS_DIR)/JapaneseNumberDemo-iOS.app/JapaneseNumberDemo-iOS";
			};
			name = Debug;
		};
		7EFE200822792019008E9446 /* Release */ = {
			isa = XCBuildConfiguration;
			buildSettings = {
				ALWAYS_EMBED_SWIFT_STANDARD_LIBRARIES = YES;
				BUNDLE_LOADER = "$(TEST_HOST)";
				CODE_SIGN_STYLE = Automatic;
				INFOPLIST_FILE = "JapaneseNumberDemo-iOSTests/Info.plist";
				LD_RUNPATH_SEARCH_PATHS = (
					"$(inherited)",
					"@executable_path/Frameworks",
					"@loader_path/Frameworks",
				);
				PRODUCT_BUNDLE_IDENTIFIER = "DaisukeT.JapaneseNumberDemo-iOSTests";
				PRODUCT_NAME = "$(TARGET_NAME)";
				SWIFT_VERSION = 5.0;
				TARGETED_DEVICE_FAMILY = "1,2";
				TEST_HOST = "$(BUILT_PRODUCTS_DIR)/JapaneseNumberDemo-iOS.app/JapaneseNumberDemo-iOS";
			};
			name = Release;
		};
/* End XCBuildConfiguration section */

/* Begin XCConfigurationList section */
		7EFE1FE122792017008E9446 /* Build configuration list for PBXProject "JapaneseNumberDemo-iOS" */ = {
			isa = XCConfigurationList;
			buildConfigurations = (
				7EFE200122792019008E9446 /* Debug */,
				7EFE200222792019008E9446 /* Release */,
			);
			defaultConfigurationIsVisible = 0;
			defaultConfigurationName = Release;
		};
		7EFE200322792019008E9446 /* Build configuration list for PBXNativeTarget "JapaneseNumberDemo-iOS" */ = {
			isa = XCConfigurationList;
			buildConfigurations = (
				7EFE200422792019008E9446 /* Debug */,
				7EFE200522792019008E9446 /* Release */,
			);
			defaultConfigurationIsVisible = 0;
			defaultConfigurationName = Release;
		};
		7EFE200622792019008E9446 /* Build configuration list for PBXNativeTarget "JapaneseNumberDemo-iOSTests" */ = {
			isa = XCConfigurationList;
			buildConfigurations = (
				7EFE200722792019008E9446 /* Debug */,
				7EFE200822792019008E9446 /* Release */,
			);
			defaultConfigurationIsVisible = 0;
			defaultConfigurationName = Release;
		};
/* End XCConfigurationList section */
	};
	rootObject = 7EFE1FDE22792017008E9446 /* Project object */;
}
