// !$*UTF8*$!
{
	archiveVersion = 1;
	classes = {
	};
	objectVersion = 50;
	objects = {

/* Begin PBXBuildFile section */
		0E37FF7BF97B194260B49BD9 /* Pods_JapaneseNumberDemo_macOS.framework in Frameworks */ = {isa = PBXBuildFile; fileRef = E367A07B07C501B839BCC3B7 /* Pods_JapaneseNumberDemo_macOS.framework */; };
		7EFE1FBE2278743E008E9446 /* AppDelegate.swift in Sources */ = {isa = PBXBuildFile; fileRef = 7EFE1FBD2278743E008E9446 /* AppDelegate.swift */; };
		7EFE1FC02278743E008E9446 /* ViewController.swift in Sources */ = {isa = PBXBuildFile; fileRef = 7EFE1FBF2278743E008E9446 /* ViewController.swift */; };
		7EFE1FC222787443008E9446 /* Assets.xcassets in Resources */ = {isa = PBXBuildFile; fileRef = 7EFE1FC122787443008E9446 /* Assets.xcassets */; };
		7EFE1FC522787443008E9446 /* Main.storyboard in Resources */ = {isa = PBXBuildFile; fileRef = 7EFE1FC322787443008E9446 /* Main.storyboard */; };
		7EFE1FD122787444008E9446 /* JapaneseNumberDemo_macOSTests.swift in Sources */ = {isa = PBXBuildFile; fileRef = 7EFE1FD022787444008E9446 /* JapaneseNumberDemo_macOSTests.swift */; };
		7EFE1FDC22787516008E9446 /* Common.swift in Sources */ = {isa = PBXBuildFile; fileRef = 7EFE1FDB22787516008E9446 /* Common.swift */; };
/* End PBXBuildFile section */

/* Begin PBXContainerItemProxy section */
		7EFE1FCD22787444008E9446 /* PBXContainerItemProxy */ = {
			isa = PBXContainerItemProxy;
			containerPortal = 7EFE1FB22278743D008E9446 /* Project object */;
			proxyType = 1;
			remoteGlobalIDString = 7EFE1FB92278743D008E9446;
			remoteInfo = "JapaneseNumberDemo-macOS";
		};
/* End PBXContainerItemProxy section */

/* Begin PBXFileReference section */
		42C005065463519FC9A7C4E6 /* Pods-JapaneseNumberDemo-macOS.release.xcconfig */ = {isa = PBXFileReference; includeInIndex = 1; lastKnownFileType = text.xcconfig; name = "Pods-JapaneseNumberDemo-macOS.release.xcconfig"; path = "Target Support Files/Pods-JapaneseNumberDemo-macOS/Pods-JapaneseNumberDemo-macOS.release.xcconfig"; sourceTree = "<group>"; };
		7EFE1FBA2278743E008E9446 /* JapaneseNumberDemo-macOS.app */ = {isa = PBXFileReference; explicitFileType = wrapper.application; includeInIndex = 0; path = "JapaneseNumberDemo-macOS.app"; sourceTree = BUILT_PRODUCTS_DIR; };
		7EFE1FBD2278743E008E9446 /* AppDelegate.swift */ = {isa = PBXFileReference; lastKnownFileType = sourcecode.swift; path = AppDelegate.swift; sourceTree = "<group>"; };
		7EFE1FBF2278743E008E9446 /* ViewController.swift */ = {isa = PBXFileReference; lastKnownFileType = sourcecode.swift; path = ViewController.swift; sourceTree = "<group>"; };
		7EFE1FC122787443008E9446 /* Assets.xcassets */ = {isa = PBXFileReference; lastKnownFileType = folder.assetcatalog; path = Assets.xcassets; sourceTree = "<group>"; };
		7EFE1FC422787443008E9446 /* Base */ = {isa = PBXFileReference; lastKnownFileType = file.storyboard; name = Base; path = Base.lproj/Main.storyboard; sourceTree = "<group>"; };
		7EFE1FC622787443008E9446 /* Info.plist */ = {isa = PBXFileReference; lastKnownFileType = text.plist.xml; path = Info.plist; sourceTree = "<group>"; };
		7EFE1FC722787443008E9446 /* JapaneseNumberDemo_macOS.entitlements */ = {isa = PBXFileReference; lastKnownFileType = text.plist.entitlements; path = JapaneseNumberDemo_macOS.entitlements; sourceTree = "<group>"; };
		7EFE1FCC22787444008E9446 /* JapaneseNumberDemo-macOSTests.xctest */ = {isa = PBXFileReference; explicitFileType = wrapper.cfbundle; includeInIndex = 0; path = "JapaneseNumberDemo-macOSTests.xctest"; sourceTree = BUILT_PRODUCTS_DIR; };
		7EFE1FD022787444008E9446 /* JapaneseNumberDemo_macOSTests.swift */ = {isa = PBXFileReference; lastKnownFileType = sourcecode.swift; path = JapaneseNumberDemo_macOSTests.swift; sourceTree = "<group>"; };
		7EFE1FD222787444008E9446 /* Info.plist */ = {isa = PBXFileReference; lastKnownFileType = text.plist.xml; path = Info.plist; sourceTree = "<group>"; };
		7EFE1FDB22787516008E9446 /* Common.swift */ = {isa = PBXFileReference; fileEncoding = 4; lastKnownFileType = sourcecode.swift; name = Common.swift; path = ../../Common.swift; sourceTree = "<group>"; };
		DDDD33340BE106A134310282 /* Pods-JapaneseNumberDemo-macOS.debug.xcconfig */ = {isa = PBXFileReference; includeInIndex = 1; lastKnownFileType = text.xcconfig; name = "Pods-JapaneseNumberDemo-macOS.debug.xcconfig"; path = "Target Support Files/Pods-JapaneseNumberDemo-macOS/Pods-JapaneseNumberDemo-macOS.debug.xcconfig"; sourceTree = "<group>"; };
		E367A07B07C501B839BCC3B7 /* Pods_JapaneseNumberDemo_macOS.framework */ = {isa = PBXFileReference; explicitFileType = wrapper.framework; includeInIndex = 0; path = Pods_JapaneseNumberDemo_macOS.framework; sourceTree = BUILT_PRODUCTS_DIR; };
/* End PBXFileReference section */

/* Begin PBXFrameworksBuildPhase section */
		7EFE1FB72278743D008E9446 /* Frameworks */ = {
			isa = PBXFrameworksBuildPhase;
			buildActionMask = 2147483647;
			files = (
				0E37FF7BF97B194260B49BD9 /* Pods_JapaneseNumberDemo_macOS.framework in Frameworks */,
			);
			runOnlyForDeploymentPostprocessing = 0;
		};
		7EFE1FC922787444008E9446 /* Frameworks */ = {
			isa = PBXFrameworksBuildPhase;
			buildActionMask = 2147483647;
			files = (
			);
			runOnlyForDeploymentPostprocessing = 0;
		};
/* End PBXFrameworksBuildPhase section */

/* Begin PBXGroup section */
		18F4CD098FC66C03E4B4024D /* Pods */ = {
			isa = PBXGroup;
			children = (
				DDDD33340BE106A134310282 /* Pods-JapaneseNumberDemo-macOS.debug.xcconfig */,
				42C005065463519FC9A7C4E6 /* Pods-JapaneseNumberDemo-macOS.release.xcconfig */,
			);
			path = Pods;
			sourceTree = "<group>";
		};
		7EFE1FB12278743D008E9446 = {
			isa = PBXGroup;
			children = (
				7EFE1FBC2278743E008E9446 /* JapaneseNumberDemo-macOS */,
				7EFE1FCF22787444008E9446 /* JapaneseNumberDemo-macOSTests */,
				7EFE1FBB2278743E008E9446 /* Products */,
				18F4CD098FC66C03E4B4024D /* Pods */,
				8A9696EFE152E6FED34809C0 /* Frameworks */,
			);
			sourceTree = "<group>";
		};
		7EFE1FBB2278743E008E9446 /* Products */ = {
			isa = PBXGroup;
			children = (
				7EFE1FBA2278743E008E9446 /* JapaneseNumberDemo-macOS.app */,
				7EFE1FCC22787444008E9446 /* JapaneseNumberDemo-macOSTests.xctest */,
			);
			name = Products;
			sourceTree = "<group>";
		};
		7EFE1FBC2278743E008E9446 /* JapaneseNumberDemo-macOS */ = {
			isa = PBXGroup;
			children = (
				7EFE1FDB22787516008E9446 /* Common.swift */,
				7EFE1FBD2278743E008E9446 /* AppDelegate.swift */,
				7EFE1FBF2278743E008E9446 /* ViewController.swift */,
				7EFE1FC122787443008E9446 /* Assets.xcassets */,
				7EFE1FC322787443008E9446 /* Main.storyboard */,
				7EFE1FC622787443008E9446 /* Info.plist */,
				7EFE1FC722787443008E9446 /* JapaneseNumberDemo_macOS.entitlements */,
			);
			path = "JapaneseNumberDemo-macOS";
			sourceTree = "<group>";
		};
		7EFE1FCF22787444008E9446 /* JapaneseNumberDemo-macOSTests */ = {
			isa = PBXGroup;
			children = (
				7EFE1FD022787444008E9446 /* JapaneseNumberDemo_macOSTests.swift */,
				7EFE1FD222787444008E9446 /* Info.plist */,
			);
			path = "JapaneseNumberDemo-macOSTests";
			sourceTree = "<group>";
		};
		8A9696EFE152E6FED34809C0 /* Frameworks */ = {
			isa = PBXGroup;
			children = (
				E367A07B07C501B839BCC3B7 /* Pods_JapaneseNumberDemo_macOS.framework */,
			);
			name = Frameworks;
			sourceTree = "<group>";
		};
/* End PBXGroup section */

/* Begin PBXNativeTarget section */
		7EFE1FB92278743D008E9446 /* JapaneseNumberDemo-macOS */ = {
			isa = PBXNativeTarget;
			buildConfigurationList = 7EFE1FD522787444008E9446 /* Build configuration list for PBXNativeTarget "JapaneseNumberDemo-macOS" */;
			buildPhases = (
				76F36643C645D67E1DD6265F /* [CP] Check Pods Manifest.lock */,
				7EFE1FB62278743D008E9446 /* Sources */,
				7EFE1FB72278743D008E9446 /* Frameworks */,
				7EFE1FB82278743D008E9446 /* Resources */,
				5D0191D026EBDC44F1BAA6BA /* [CP] Embed Pods Frameworks */,
			);
			buildRules = (
			);
			dependencies = (
			);
			name = "JapaneseNumberDemo-macOS";
			productName = "JapaneseNumberDemo-macOS";
			productReference = 7EFE1FBA2278743E008E9446 /* JapaneseNumberDemo-macOS.app */;
			productType = "com.apple.product-type.application";
		};
		7EFE1FCB22787444008E9446 /* JapaneseNumberDemo-macOSTests */ = {
			isa = PBXNativeTarget;
			buildConfigurationList = 7EFE1FD822787444008E9446 /* Build configuration list for PBXNativeTarget "JapaneseNumberDemo-macOSTests" */;
			buildPhases = (
				7EFE1FC822787444008E9446 /* Sources */,
				7EFE1FC922787444008E9446 /* Frameworks */,
				7EFE1FCA22787444008E9446 /* Resources */,
			);
			buildRules = (
			);
			dependencies = (
				7EFE1FCE22787444008E9446 /* PBXTargetDependency */,
			);
			name = "JapaneseNumberDemo-macOSTests";
			productName = "JapaneseNumberDemo-macOSTests";
			productReference = 7EFE1FCC22787444008E9446 /* JapaneseNumberDemo-macOSTests.xctest */;
			productType = "com.apple.product-type.bundle.unit-test";
		};
/* End PBXNativeTarget section */

/* Begin PBXProject section */
		7EFE1FB22278743D008E9446 /* Project object */ = {
			isa = PBXProject;
			attributes = {
				LastSwiftUpdateCheck = 1020;
				LastUpgradeCheck = 1020;
				ORGANIZATIONNAME = DaisukeT;
				TargetAttributes = {
					7EFE1FB92278743D008E9446 = {
						CreatedOnToolsVersion = 10.2.1;
					};
					7EFE1FCB22787444008E9446 = {
						CreatedOnToolsVersion = 10.2.1;
						TestTargetID = 7EFE1FB92278743D008E9446;
					};
				};
			};
			buildConfigurationList = 7EFE1FB52278743D008E9446 /* Build configuration list for PBXProject "JapaneseNumberDemo-macOS" */;
			compatibilityVersion = "Xcode 9.3";
			developmentRegion = en;
			hasScannedForEncodings = 0;
			knownRegions = (
				en,
				Base,
			);
			mainGroup = 7EFE1FB12278743D008E9446;
			productRefGroup = 7EFE1FBB2278743E008E9446 /* Products */;
			projectDirPath = "";
			projectRoot = "";
			targets = (
				7EFE1FB92278743D008E9446 /* JapaneseNumberDemo-macOS */,
				7EFE1FCB22787444008E9446 /* JapaneseNumberDemo-macOSTests */,
			);
		};
/* End PBXProject section */

/* Begin PBXResourcesBuildPhase section */
		7EFE1FB82278743D008E9446 /* Resources */ = {
			isa = PBXResourcesBuildPhase;
			buildActionMask = 2147483647;
			files = (
				7EFE1FC222787443008E9446 /* Assets.xcassets in Resources */,
				7EFE1FC522787443008E9446 /* Main.storyboard in Resources */,
			);
			runOnlyForDeploymentPostprocessing = 0;
		};
		7EFE1FCA22787444008E9446 /* Resources */ = {
			isa = PBXResourcesBuildPhase;
			buildActionMask = 2147483647;
			files = (
			);
			runOnlyForDeploymentPostprocessing = 0;
		};
/* End PBXResourcesBuildPhase section */

/* Begin PBXShellScriptBuildPhase section */
		5D0191D026EBDC44F1BAA6BA /* [CP] Embed Pods Frameworks */ = {
			isa = PBXShellScriptBuildPhase;
			buildActionMask = 2147483647;
			files = (
			);
			inputFileListPaths = (
			);
			inputPaths = (
				"${PODS_ROOT}/Target Support Files/Pods-JapaneseNumberDemo-macOS/Pods-JapaneseNumberDemo-macOS-frameworks.sh",
				"${BUILT_PRODUCTS_DIR}/JapaneseNumber/JapaneseNumber.framework",
			);
			name = "[CP] Embed Pods Frameworks";
			outputFileListPaths = (
			);
			outputPaths = (
				"${TARGET_BUILD_DIR}/${FRAMEWORKS_FOLDER_PATH}/JapaneseNumber.framework",
			);
			runOnlyForDeploymentPostprocessing = 0;
			shellPath = /bin/sh;
			shellScript = "\"${PODS_ROOT}/Target Support Files/Pods-JapaneseNumberDemo-macOS/Pods-JapaneseNumberDemo-macOS-frameworks.sh\"\n";
			showEnvVarsInLog = 0;
		};
		76F36643C645D67E1DD6265F /* [CP] Check Pods Manifest.lock */ = {
			isa = PBXShellScriptBuildPhase;
			buildActionMask = 2147483647;
			files = (
			);
			inputFileListPaths = (
			);
			inputPaths = (
				"${PODS_PODFILE_DIR_PATH}/Podfile.lock",
				"${PODS_ROOT}/Manifest.lock",
			);
			name = "[CP] Check Pods Manifest.lock";
			outputFileListPaths = (
			);
			outputPaths = (
				"$(DERIVED_FILE_DIR)/Pods-JapaneseNumberDemo-macOS-checkManifestLockResult.txt",
			);
			runOnlyForDeploymentPostprocessing = 0;
			shellPath = /bin/sh;
			shellScript = "diff \"${PODS_PODFILE_DIR_PATH}/Podfile.lock\" \"${PODS_ROOT}/Manifest.lock\" > /dev/null\nif [ $? != 0 ] ; then\n    # print error to STDERR\n    echo \"error: The sandbox is not in sync with the Podfile.lock. Run 'pod install' or update your CocoaPods installation.\" >&2\n    exit 1\nfi\n# This output is used by Xcode 'outputs' to avoid re-running this script phase.\necho \"SUCCESS\" > \"${SCRIPT_OUTPUT_FILE_0}\"\n";
			showEnvVarsInLog = 0;
		};
/* End PBXShellScriptBuildPhase section */

/* Begin PBXSourcesBuildPhase section */
		7EFE1FB62278743D008E9446 /* Sources */ = {
			isa = PBXSourcesBuildPhase;
			buildActionMask = 2147483647;
			files = (
				7EFE1FC02278743E008E9446 /* ViewController.swift in Sources */,
				7EFE1FDC22787516008E9446 /* Common.swift in Sources */,
				7EFE1FBE2278743E008E9446 /* AppDelegate.swift in Sources */,
			);
			runOnlyForDeploymentPostprocessing = 0;
		};
		7EFE1FC822787444008E9446 /* Sources */ = {
			isa = PBXSourcesBuildPhase;
			buildActionMask = 2147483647;
			files = (
				7EFE1FD122787444008E9446 /* JapaneseNumberDemo_macOSTests.swift in Sources */,
			);
			runOnlyForDeploymentPostprocessing = 0;
		};
/* End PBXSourcesBuildPhase section */

/* Begin PBXTargetDependency section */
		7EFE1FCE22787444008E9446 /* PBXTargetDependency */ = {
			isa = PBXTargetDependency;
			target = 7EFE1FB92278743D008E9446 /* JapaneseNumberDemo-macOS */;
			targetProxy = 7EFE1FCD22787444008E9446 /* PBXContainerItemProxy */;
		};
/* End PBXTargetDependency section */

/* Begin PBXVariantGroup section */
		7EFE1FC322787443008E9446 /* Main.storyboard */ = {
			isa = PBXVariantGroup;
			children = (
				7EFE1FC422787443008E9446 /* Base */,
			);
			name = Main.storyboard;
			sourceTree = "<group>";
		};
/* End PBXVariantGroup section */

/* Begin XCBuildConfiguration section */
		7EFE1FD322787444008E9446 /* Debug */ = {
			isa = XCBuildConfiguration;
			buildSettings = {
				ALWAYS_SEARCH_USER_PATHS = NO;
				CLANG_ANALYZER_NONNULL = YES;
				CLANG_ANALYZER_NUMBER_OBJECT_CONVERSION = YES_AGGRESSIVE;
				CLANG_CXX_LANGUAGE_STANDARD = "gnu++14";
				CLANG_CXX_LIBRARY = "libc++";
				CLANG_ENABLE_MODULES = YES;
				CLANG_ENABLE_OBJC_ARC = YES;
				CLANG_ENABLE_OBJC_WEAK = YES;
				CLANG_WARN_BLOCK_CAPTURE_AUTORELEASING = YES;
				CLANG_WARN_BOOL_CONVERSION = YES;
				CLANG_WARN_COMMA = YES;
				CLANG_WARN_CONSTANT_CONVERSION = YES;
				CLANG_WARN_DEPRECATED_OBJC_IMPLEMENTATIONS = YES;
				CLANG_WARN_DIRECT_OBJC_ISA_USAGE = YES_ERROR;
				CLANG_WARN_DOCUMENTATION_COMMENTS = YES;
				CLANG_WARN_EMPTY_BODY = YES;
				CLANG_WARN_ENUM_CONVERSION = YES;
				CLANG_WARN_INFINITE_RECURSION = YES;
				CLANG_WARN_INT_CONVERSION = YES;
				CLANG_WARN_NON_LITERAL_NULL_CONVERSION = YES;
				CLANG_WARN_OBJC_IMPLICIT_RETAIN_SELF = YES;
				CLANG_WARN_OBJC_LITERAL_CONVERSION = YES;
				CLANG_WARN_OBJC_ROOT_CLASS = YES_ERROR;
				CLANG_WARN_RANGE_LOOP_ANALYSIS = YES;
				CLANG_WARN_STRICT_PROTOTYPES = YES;
				CLANG_WARN_SUSPICIOUS_MOVE = YES;
				CLANG_WARN_UNGUARDED_AVAILABILITY = YES_AGGRESSIVE;
				CLANG_WARN_UNREACHABLE_CODE = YES;
				CLANG_WARN__DUPLICATE_METHOD_MATCH = YES;
				CODE_SIGN_IDENTITY = "-";
				COPY_PHASE_STRIP = NO;
				DEBUG_INFORMATION_FORMAT = dwarf;
				ENABLE_STRICT_OBJC_MSGSEND = YES;
				ENABLE_TESTABILITY = YES;
				GCC_C_LANGUAGE_STANDARD = gnu11;
				GCC_DYNAMIC_NO_PIC = NO;
				GCC_NO_COMMON_BLOCKS = YES;
				GCC_OPTIMIZATION_LEVEL = 0;
				GCC_PREPROCESSOR_DEFINITIONS = (
					"DEBUG=1",
					"$(inherited)",
				);
				GCC_WARN_64_TO_32_BIT_CONVERSION = YES;
				GCC_WARN_ABOUT_RETURN_TYPE = YES_ERROR;
				GCC_WARN_UNDECLARED_SELECTOR = YES;
				GCC_WARN_UNINITIALIZED_AUTOS = YES_AGGRESSIVE;
				GCC_WARN_UNUSED_FUNCTION = YES;
				GCC_WARN_UNUSED_VARIABLE = YES;
				MACOSX_DEPLOYMENT_TARGET = 10.14;
				MTL_ENABLE_DEBUG_INFO = INCLUDE_SOURCE;
				MTL_FAST_MATH = YES;
				ONLY_ACTIVE_ARCH = YES;
				SDKROOT = macosx;
				SWIFT_ACTIVE_COMPILATION_CONDITIONS = DEBUG;
				SWIFT_OPTIMIZATION_LEVEL = "-Onone";
			};
			name = Debug;
		};
		7EFE1FD422787444008E9446 /* Release */ = {
			isa = XCBuildConfiguration;
			buildSettings = {
				ALWAYS_SEARCH_USER_PATHS = NO;
				CLANG_ANALYZER_NONNULL = YES;
				CLANG_ANALYZER_NUMBER_OBJECT_CONVERSION = YES_AGGRESSIVE;
				CLANG_CXX_LANGUAGE_STANDARD = "gnu++14";
				CLANG_CXX_LIBRARY = "libc++";
				CLANG_ENABLE_MODULES = YES;
				CLANG_ENABLE_OBJC_ARC = YES;
				CLANG_ENABLE_OBJC_WEAK = YES;
				CLANG_WARN_BLOCK_CAPTURE_AUTORELEASING = YES;
				CLANG_WARN_BOOL_CONVERSION = YES;
				CLANG_WARN_COMMA = YES;
				CLANG_WARN_CONSTANT_CONVERSION = YES;
				CLANG_WARN_DEPRECATED_OBJC_IMPLEMENTATIONS = YES;
				CLANG_WARN_DIRECT_OBJC_ISA_USAGE = YES_ERROR;
				CLANG_WARN_DOCUMENTATION_COMMENTS = YES;
				CLANG_WARN_EMPTY_BODY = YES;
				CLANG_WARN_ENUM_CONVERSION = YES;
				CLANG_WARN_INFINITE_RECURSION = YES;
				CLANG_WARN_INT_CONVERSION = YES;
				CLANG_WARN_NON_LITERAL_NULL_CONVERSION = YES;
				CLANG_WARN_OBJC_IMPLICIT_RETAIN_SELF = YES;
				CLANG_WARN_OBJC_LITERAL_CONVERSION = YES;
				CLANG_WARN_OBJC_ROOT_CLASS = YES_ERROR;
				CLANG_WARN_RANGE_LOOP_ANALYSIS = YES;
				CLANG_WARN_STRICT_PROTOTYPES = YES;
				CLANG_WARN_SUSPICIOUS_MOVE = YES;
				CLANG_WARN_UNGUARDED_AVAILABILITY = YES_AGGRESSIVE;
				CLANG_WARN_UNREACHABLE_CODE = YES;
				CLANG_WARN__DUPLICATE_METHOD_MATCH = YES;
				CODE_SIGN_IDENTITY = "-";
				COPY_PHASE_STRIP = NO;
				DEBUG_INFORMATION_FORMAT = "dwarf-with-dsym";
				ENABLE_NS_ASSERTIONS = NO;
				ENABLE_STRICT_OBJC_MSGSEND = YES;
				GCC_C_LANGUAGE_STANDARD = gnu11;
				GCC_NO_COMMON_BLOCKS = YES;
				GCC_WARN_64_TO_32_BIT_CONVERSION = YES;
				GCC_WARN_ABOUT_RETURN_TYPE = YES_ERROR;
				GCC_WARN_UNDECLARED_SELECTOR = YES;
				GCC_WARN_UNINITIALIZED_AUTOS = YES_AGGRESSIVE;
				GCC_WARN_UNUSED_FUNCTION = YES;
				GCC_WARN_UNUSED_VARIABLE = YES;
				MACOSX_DEPLOYMENT_TARGET = 10.14;
				MTL_ENABLE_DEBUG_INFO = NO;
				MTL_FAST_MATH = YES;
				SDKROOT = macosx;
				SWIFT_COMPILATION_MODE = wholemodule;
				SWIFT_OPTIMIZATION_LEVEL = "-O";
			};
			name = Release;
		};
		7EFE1FD622787444008E9446 /* Debug */ = {
			isa = XCBuildConfiguration;
			baseConfigurationReference = DDDD33340BE106A134310282 /* Pods-JapaneseNumberDemo-macOS.debug.xcconfig */;
			buildSettings = {
				ASSETCATALOG_COMPILER_APPICON_NAME = AppIcon;
				CODE_SIGN_ENTITLEMENTS = "JapaneseNumberDemo-macOS/JapaneseNumberDemo_macOS.entitlements";
				CODE_SIGN_STYLE = Automatic;
				COMBINE_HIDPI_IMAGES = YES;
				INFOPLIST_FILE = "JapaneseNumberDemo-macOS/Info.plist";
				LD_RUNPATH_SEARCH_PATHS = (
					"$(inherited)",
					"@executable_path/../Frameworks",
				);
				PRODUCT_BUNDLE_IDENTIFIER = "DaisukeT.JapaneseNumberDemo-macOS";
				PRODUCT_NAME = "$(TARGET_NAME)";
				SWIFT_VERSION = 5.0;
			};
			name = Debug;
		};
		7EFE1FD722787444008E9446 /* Release */ = {
			isa = XCBuildConfiguration;
			baseConfigurationReference = 42C005065463519FC9A7C4E6 /* Pods-JapaneseNumberDemo-macOS.release.xcconfig */;
			buildSettings = {
				ASSETCATALOG_COMPILER_APPICON_NAME = AppIcon;
				CODE_SIGN_ENTITLEMENTS = "JapaneseNumberDemo-macOS/JapaneseNumberDemo_macOS.entitlements";
				CODE_SIGN_STYLE = Automatic;
				COMBINE_HIDPI_IMAGES = YES;
				INFOPLIST_FILE = "JapaneseNumberDemo-macOS/Info.plist";
				LD_RUNPATH_SEARCH_PATHS = (
					"$(inherited)",
					"@executable_path/../Frameworks",
				);
				PRODUCT_BUNDLE_IDENTIFIER = "DaisukeT.JapaneseNumberDemo-macOS";
				PRODUCT_NAME = "$(TARGET_NAME)";
				SWIFT_VERSION = 5.0;
			};
			name = Release;
		};
		7EFE1FD922787444008E9446 /* Debug */ = {
			isa = XCBuildConfiguration;
			buildSettings = {
				ALWAYS_EMBED_SWIFT_STANDARD_LIBRARIES = YES;
				BUNDLE_LOADER = "$(TEST_HOST)";
				CODE_SIGN_STYLE = Automatic;
				COMBINE_HIDPI_IMAGES = YES;
				INFOPLIST_FILE = "JapaneseNumberDemo-macOSTests/Info.plist";
				LD_RUNPATH_SEARCH_PATHS = (
					"$(inherited)",
					"@executable_path/../Frameworks",
					"@loader_path/../Frameworks",
				);
				PRODUCT_BUNDLE_IDENTIFIER = "DaisukeT.JapaneseNumberDemo-macOSTests";
				PRODUCT_NAME = "$(TARGET_NAME)";
				SWIFT_VERSION = 5.0;
				TEST_HOST = "$(BUILT_PRODUCTS_DIR)/JapaneseNumberDemo-macOS.app/Contents/MacOS/JapaneseNumberDemo-macOS";
			};
			name = Debug;
		};
		7EFE1FDA22787444008E9446 /* Release */ = {
			isa = XCBuildConfiguration;
			buildSettings = {
				ALWAYS_EMBED_SWIFT_STANDARD_LIBRARIES = YES;
				BUNDLE_LOADER = "$(TEST_HOST)";
				CODE_SIGN_STYLE = Automatic;
				COMBINE_HIDPI_IMAGES = YES;
				INFOPLIST_FILE = "JapaneseNumberDemo-macOSTests/Info.plist";
				LD_RUNPATH_SEARCH_PATHS = (
					"$(inherited)",
					"@executable_path/../Frameworks",
					"@loader_path/../Frameworks",
				);
				PRODUCT_BUNDLE_IDENTIFIER = "DaisukeT.JapaneseNumberDemo-macOSTests";
				PRODUCT_NAME = "$(TARGET_NAME)";
				SWIFT_VERSION = 5.0;
				TEST_HOST = "$(BUILT_PRODUCTS_DIR)/JapaneseNumberDemo-macOS.app/Contents/MacOS/JapaneseNumberDemo-macOS";
			};
			name = Release;
		};
/* End XCBuildConfiguration section */

/* Begin XCConfigurationList section */
		7EFE1FB52278743D008E9446 /* Build configuration list for PBXProject "JapaneseNumberDemo-macOS" */ = {
			isa = XCConfigurationList;
			buildConfigurations = (
				7EFE1FD322787444008E9446 /* Debug */,
				7EFE1FD422787444008E9446 /* Release */,
			);
			defaultConfigurationIsVisible = 0;
			defaultConfigurationName = Release;
		};
		7EFE1FD522787444008E9446 /* Build configuration list for PBXNativeTarget "JapaneseNumberDemo-macOS" */ = {
			isa = XCConfigurationList;
			buildConfigurations = (
				7EFE1FD622787444008E9446 /* Debug */,
				7EFE1FD722787444008E9446 /* Release */,
			);
			defaultConfigurationIsVisible = 0;
			defaultConfigurationName = Release;
		};
		7EFE1FD822787444008E9446 /* Build configuration list for PBXNativeTarget "JapaneseNumberDemo-macOSTests" */ = {
			isa = XCConfigurationList;
			buildConfigurations = (
				7EFE1FD922787444008E9446 /* Debug */,
				7EFE1FDA22787444008E9446 /* Release */,
			);
			defaultConfigurationIsVisible = 0;
			defaultConfigurationName = Release;
		};
/* End XCConfigurationList section */
	};
	rootObject = 7EFE1FB22278743D008E9446 /* Project object */;
}
